{
    "version": 3,
    "terraform_version": "0.9.0",
    "serial": 2,
    "lineage": "41844618-7af0-4e85-b750-f3961da61166",
    "modules": [
        {
            "path": [
                "root"
            ],
            "outputs": {},
            "resources": {},
            "depends_on": []
        },
        {
            "path": [
                "root",
                "backup_bucket"
            ],
            "outputs": {},
            "resources": {},
            "depends_on": []
        },
        {
            "path": [
                "root",
                "jenkins"
            ],
            "outputs": {},
            "resources": {
                "aws_autoscaling_group.jenkins": {
                    "type": "aws_autoscaling_group",
                    "depends_on": [
                        "aws_elb.jenkins",
                        "aws_launch_configuration.jenkins"
                    ],
                    "primary": {
                        "id": "jenkins",
                        "attributes": {
                            "arn": "arn:aws:autoscaling:eu-central-1:443171610680:autoScalingGroup:52c2baaa-aabf-4963-870f-d8986e00a1db:autoScalingGroupName/jenkins",
                            "availability_zones.#": "2",
                            "availability_zones.1126047633": "eu-central-1a",
                            "availability_zones.3658960427": "eu-central-1b",
                            "default_cooldown": "300",
                            "desired_capacity": "1",
                            "force_delete": "true",
                            "health_check_grace_period": "300",
                            "health_check_type": "EC2",
                            "id": "jenkins",
                            "launch_configuration": "jenkins-0046895e6101b8133722552f8a",
                            "load_balancers.#": "1",
                            "load_balancers.1438809362": "jenkins",
                            "max_size": "1",
                            "metrics_granularity": "1Minute",
                            "min_size": "1",
                            "name": "jenkins",
                            "placement_group": "",
                            "protect_from_scale_in": "false",
                            "suspended_processes.#": "0",
                            "tag.#": "2",
                            "tag.2253045228.key": "Name",
                            "tag.2253045228.propagate_at_launch": "true",
                            "tag.2253045228.value": "Jenkins",
                            "tag.764855519.key": "inspector",
                            "tag.764855519.propagate_at_launch": "false",
                            "tag.764855519.value": "User:ubuntu",
                            "target_group_arns.#": "0",
                            "termination_policies.#": "0",
                            "vpc_zone_identifier.#": "2",
                            "vpc_zone_identifier.154563563": "subnet-986cc3e3",
                            "vpc_zone_identifier.167719432": "subnet-0946c860",
                            "wait_for_capacity_timeout": "10m"
                        },
                        "meta": {},
                        "tainted": false
                    },
                    "deposed": [],
                    "provider": ""
                },
                "aws_elb.jenkins": {
                    "type": "aws_elb",
                    "depends_on": [
                        "aws_security_group.elb"
                    ],
                    "primary": {
                        "id": "jenkins",
                        "attributes": {
                            "access_logs.#": "0",
                            "availability_zones.#": "2",
                            "availability_zones.1126047633": "eu-central-1a",
                            "availability_zones.3658960427": "eu-central-1b",
                            "connection_draining": "false",
                            "connection_draining_timeout": "300",
                            "cross_zone_load_balancing": "true",
                            "dns_name": "jenkins-217702500.eu-central-1.elb.amazonaws.com",
                            "health_check.#": "1",
                            "health_check.0.healthy_threshold": "2",
                            "health_check.0.interval": "5",
                            "health_check.0.target": "TCP:8080",
                            "health_check.0.timeout": "3",
                            "health_check.0.unhealthy_threshold": "10",
                            "id": "jenkins",
                            "idle_timeout": "60",
                            "instances.#": "1",
                            "instances.1673458497": "i-0b20f5ead73466a45",
                            "internal": "false",
                            "listener.#": "1",
                            "listener.3931999347.instance_port": "8080",
                            "listener.3931999347.instance_protocol": "http",
                            "listener.3931999347.lb_port": "80",
                            "listener.3931999347.lb_protocol": "http",
                            "listener.3931999347.ssl_certificate_id": "",
                            "name": "jenkins",
                            "security_groups.#": "1",
                            "security_groups.4271678409": "sg-8f0ecae4",
                            "source_security_group": "443171610680/jenkins-elb",
                            "source_security_group_id": "sg-8f0ecae4",
                            "subnets.#": "2",
                            "subnets.154563563": "subnet-986cc3e3",
                            "subnets.167719432": "subnet-0946c860",
                            "tags.%": "0",
                            "zone_id": "Z215JYRZR1TBD5"
                        },
                        "meta": {},
                        "tainted": false
                    },
                    "deposed": [],
                    "provider": ""
                },
                "aws_iam_instance_profile.jenkins": {
                    "type": "aws_iam_instance_profile",
                    "depends_on": [
                        "aws_iam_role.jenkins"
                    ],
                    "primary": {
                        "id": "jenkins",
                        "attributes": {
                            "arn": "arn:aws:iam::443171610680:instance-profile/jenkins",
                            "id": "jenkins",
                            "name": "jenkins",
                            "path": "/",
                            "roles.#": "1",
                            "roles.1438809362": "jenkins"
                        },
                        "meta": {},
                        "tainted": false
                    },
                    "deposed": [],
                    "provider": ""
                },
                "aws_iam_role.jenkins": {
                    "type": "aws_iam_role",
                    "depends_on": [],
                    "primary": {
                        "id": "jenkins",
                        "attributes": {
                            "arn": "arn:aws:iam::443171610680:role/jenkins",
                            "assume_role_policy": "{\"Version\":\"2012-10-17\",\"Statement\":[{\"Effect\":\"Allow\",\"Principal\":{\"Service\":\"ec2.amazonaws.com\"},\"Action\":\"sts:AssumeRole\"}]}",
                            "create_date": "2017-03-04T11:39:52Z",
                            "id": "jenkins",
                            "name": "jenkins",
                            "path": "/",
                            "unique_id": "AROAIRS6TI4CNEOPAUPYK"
                        },
                        "meta": {},
                        "tainted": false
                    },
                    "deposed": [],
                    "provider": ""
                },
                "aws_launch_configuration.jenkins": {
                    "type": "aws_launch_configuration",
                    "depends_on": [],
                    "primary": {
                        "id": "jenkins-0046895e6101b8133722552f8a",
                        "attributes": {
                            "associate_public_ip_address": "false",
                            "ebs_block_device.#": "0",
                            "ebs_optimized": "false",
                            "enable_monitoring": "true",
                            "ephemeral_block_device.#": "0",
                            "iam_instance_profile": "jenkins",
                            "id": "jenkins-0046895e6101b8133722552f8a",
                            "image_id": "ami-5aee2235",
                            "instance_type": "c4.large",
                            "key_name": "MageUnconferenceDemo",
                            "name": "jenkins-0046895e6101b8133722552f8a",
                            "name_prefix": "jenkins-",
                            "root_block_device.#": "1",
                            "root_block_device.0.delete_on_termination": "true",
                            "root_block_device.0.iops": "0",
                            "root_block_device.0.volume_size": "80",
                            "root_block_device.0.volume_type": "standard",
                            "security_groups.#": "1",
                            "security_groups.3094579650": "sg-8e0ecae5",
                            "spot_price": "",
                            "user_data": "4df874daa3cdd0f63a968251ebb6348906d88aad",
                            "vpc_classic_link_id": "",
                            "vpc_classic_link_security_groups.#": "0"
                        },
                        "meta": {},
                        "tainted": false
                    },
                    "deposed": [],
                    "provider": ""
                },
                "aws_route53_record.jenkins": {
                    "type": "aws_route53_record",
                    "depends_on": [
                        "aws_elb.jenkins",
                        "aws_elb.jenkins"
                    ],
                    "primary": {
                        "id": "ZJUVTNX0H3A0H_jenkins.aoeplay.net_A",
                        "attributes": {
                            "alias.#": "1",
                            "alias.3094154485.evaluate_target_health": "true",
                            "alias.3094154485.name": "jenkins-217702500.eu-central-1.elb.amazonaws.com",
                            "alias.3094154485.zone_id": "Z215JYRZR1TBD5",
                            "fqdn": "jenkins.aoeplay.net",
                            "health_check_id": "",
                            "id": "ZJUVTNX0H3A0H_jenkins.aoeplay.net_A",
                            "name": "jenkins.aoeplay.net",
                            "records.#": "0",
                            "set_identifier": "",
                            "ttl": "0",
                            "type": "A",
                            "zone_id": "ZJUVTNX0H3A0H"
                        },
                        "meta": {
                            "schema_version": "2"
                        },
                        "tainted": false
                    },
                    "deposed": [],
                    "provider": ""
                },
                "aws_security_group.elb": {
                    "type": "aws_security_group",
                    "depends_on": [],
                    "primary": {
                        "id": "sg-8f0ecae4",
                        "attributes": {
                            "description": "Managed by Terraform",
                            "egress.#": "1",
                            "egress.482069346.cidr_blocks.#": "1",
                            "egress.482069346.cidr_blocks.0": "0.0.0.0/0",
                            "egress.482069346.from_port": "0",
                            "egress.482069346.prefix_list_ids.#": "0",
                            "egress.482069346.protocol": "-1",
                            "egress.482069346.security_groups.#": "0",
                            "egress.482069346.self": "false",
                            "egress.482069346.to_port": "0",
                            "id": "sg-8f0ecae4",
                            "ingress.#": "2",
                            "ingress.2214680975.cidr_blocks.#": "1",
                            "ingress.2214680975.cidr_blocks.0": "0.0.0.0/0",
                            "ingress.2214680975.from_port": "80",
                            "ingress.2214680975.protocol": "tcp",
                            "ingress.2214680975.security_groups.#": "0",
                            "ingress.2214680975.self": "false",
                            "ingress.2214680975.to_port": "80",
                            "ingress.2617001939.cidr_blocks.#": "1",
                            "ingress.2617001939.cidr_blocks.0": "0.0.0.0/0",
                            "ingress.2617001939.from_port": "443",
                            "ingress.2617001939.protocol": "tcp",
                            "ingress.2617001939.security_groups.#": "0",
                            "ingress.2617001939.self": "false",
                            "ingress.2617001939.to_port": "443",
                            "name": "jenkins-elb",
                            "owner_id": "443171610680",
                            "tags.%": "0",
                            "vpc_id": "vpc-e252eb8b"
                        },
                        "meta": {},
                        "tainted": false
                    },
                    "deposed": [],
                    "provider": ""
                },
                "aws_security_group.jenkins": {
                    "type": "aws_security_group",
                    "depends_on": [
                        "aws_security_group.elb"
                    ],
                    "primary": {
                        "id": "sg-8e0ecae5",
                        "attributes": {
                            "description": "Managed by Terraform",
                            "egress.#": "1",
                            "egress.482069346.cidr_blocks.#": "1",
                            "egress.482069346.cidr_blocks.0": "0.0.0.0/0",
                            "egress.482069346.from_port": "0",
                            "egress.482069346.prefix_list_ids.#": "0",
                            "egress.482069346.protocol": "-1",
                            "egress.482069346.security_groups.#": "0",
                            "egress.482069346.self": "false",
                            "egress.482069346.to_port": "0",
                            "id": "sg-8e0ecae5",
                            "ingress.#": "2",
                            "ingress.1947826987.cidr_blocks.#": "1",
                            "ingress.1947826987.cidr_blocks.0": "0.0.0.0/0",
                            "ingress.1947826987.from_port": "8080",
                            "ingress.1947826987.protocol": "tcp",
                            "ingress.1947826987.security_groups.#": "1",
                            "ingress.1947826987.security_groups.4271678409": "sg-8f0ecae4",
                            "ingress.1947826987.self": "false",
                            "ingress.1947826987.to_port": "8080",
                            "ingress.2541437006.cidr_blocks.#": "1",
                            "ingress.2541437006.cidr_blocks.0": "0.0.0.0/0",
                            "ingress.2541437006.from_port": "22",
                            "ingress.2541437006.protocol": "tcp",
                            "ingress.2541437006.security_groups.#": "0",
                            "ingress.2541437006.self": "false",
                            "ingress.2541437006.to_port": "22",
                            "name": "jenkins-asg",
                            "owner_id": "443171610680",
                            "tags.%": "0",
                            "vpc_id": "vpc-e252eb8b"
                        },
                        "meta": {},
                        "tainted": false
                    },
                    "deposed": [],
                    "provider": ""
                }
            },
            "depends_on": []
        }
    ]
}
