{
    "version": 3,
    "terraform_version": "0.9.0",
    "serial": 2,
    "lineage": "be81111a-af98-4c38-b399-75243cbdebc1",
    "modules": [
        {
            "path": [
                "root"
            ],
            "outputs": {},
            "resources": {},
            "depends_on": []
        },
        {
            "path": [
                "root",
                "demo"
            ],
            "outputs": {},
            "resources": {
                "aws_autoscaling_attachment.elb_to_asg": {
                    "type": "aws_autoscaling_attachment",
                    "depends_on": [
                        "aws_elb.elb"
                    ],
                    "primary": {
                        "id": "nodes.kops.aoeplay.net-00917b872ed809dc996c03950c",
                        "attributes": {
                            "autoscaling_group_name": "nodes.kops.aoeplay.net",
                            "elb": "demo",
                            "id": "nodes.kops.aoeplay.net-00917b872ed809dc996c03950c"
                        },
                        "meta": {},
                        "tainted": false
                    },
                    "deposed": [],
                    "provider": ""
                },
                "aws_elb.elb": {
                    "type": "aws_elb",
                    "depends_on": [
                        "aws_security_group.elb"
                    ],
                    "primary": {
                        "id": "demo",
                        "attributes": {
                            "access_logs.#": "0",
                            "availability_zones.#": "2",
                            "availability_zones.1126047633": "eu-central-1a",
                            "availability_zones.3658960427": "eu-central-1b",
                            "connection_draining": "false",
                            "connection_draining_timeout": "300",
                            "cross_zone_load_balancing": "true",
                            "dns_name": "demo-654810238.eu-central-1.elb.amazonaws.com",
                            "health_check.#": "1",
                            "health_check.0.healthy_threshold": "2",
                            "health_check.0.interval": "10",
                            "health_check.0.target": "TCP:30001",
                            "health_check.0.timeout": "5",
                            "health_check.0.unhealthy_threshold": "2",
                            "id": "demo",
                            "idle_timeout": "60",
                            "instances.#": "0",
                            "internal": "false",
                            "listener.#": "1",
                            "listener.734702591.instance_port": "30001",
                            "listener.734702591.instance_protocol": "http",
                            "listener.734702591.lb_port": "80",
                            "listener.734702591.lb_protocol": "http",
                            "listener.734702591.ssl_certificate_id": "",
                            "name": "demo",
                            "security_groups.#": "1",
                            "security_groups.1546131217": "sg-67e7200c",
                            "source_security_group": "443171610680/demo-elb",
                            "source_security_group_id": "sg-67e7200c",
                            "subnets.#": "2",
                            "subnets.154563563": "subnet-986cc3e3",
                            "subnets.167719432": "subnet-0946c860",
                            "tags.%": "0",
                            "zone_id": "Z215JYRZR1TBD5"
                        },
                        "meta": {},
                        "tainted": false
                    },
                    "deposed": [],
                    "provider": ""
                },
                "aws_route53_record.route": {
                    "type": "aws_route53_record",
                    "depends_on": [
                        "aws_elb.elb",
                        "aws_elb.elb"
                    ],
                    "primary": {
                        "id": "ZJUVTNX0H3A0H_demo.aoeplay.net_A",
                        "attributes": {
                            "alias.#": "1",
                            "alias.2745488212.evaluate_target_health": "false",
                            "alias.2745488212.name": "demo-654810238.eu-central-1.elb.amazonaws.com",
                            "alias.2745488212.zone_id": "Z215JYRZR1TBD5",
                            "fqdn": "demo.aoeplay.net",
                            "health_check_id": "",
                            "id": "ZJUVTNX0H3A0H_demo.aoeplay.net_A",
                            "name": "demo.aoeplay.net",
                            "records.#": "0",
                            "set_identifier": "",
                            "ttl": "0",
                            "type": "A",
                            "zone_id": "ZJUVTNX0H3A0H"
                        },
                        "meta": {
                            "schema_version": "2"
                        },
                        "tainted": false
                    },
                    "deposed": [],
                    "provider": ""
                },
                "aws_security_group.elb": {
                    "type": "aws_security_group",
                    "depends_on": [],
                    "primary": {
                        "id": "sg-67e7200c",
                        "attributes": {
                            "description": "Managed by Terraform",
                            "egress.#": "1",
                            "egress.482069346.cidr_blocks.#": "1",
                            "egress.482069346.cidr_blocks.0": "0.0.0.0/0",
                            "egress.482069346.from_port": "0",
                            "egress.482069346.prefix_list_ids.#": "0",
                            "egress.482069346.protocol": "-1",
                            "egress.482069346.security_groups.#": "0",
                            "egress.482069346.self": "false",
                            "egress.482069346.to_port": "0",
                            "id": "sg-67e7200c",
                            "ingress.#": "1",
                            "ingress.2214680975.cidr_blocks.#": "1",
                            "ingress.2214680975.cidr_blocks.0": "0.0.0.0/0",
                            "ingress.2214680975.from_port": "80",
                            "ingress.2214680975.protocol": "tcp",
                            "ingress.2214680975.security_groups.#": "0",
                            "ingress.2214680975.self": "false",
                            "ingress.2214680975.to_port": "80",
                            "name": "demo-elb",
                            "owner_id": "443171610680",
                            "tags.%": "0",
                            "vpc_id": "vpc-e252eb8b"
                        },
                        "meta": {},
                        "tainted": false
                    },
                    "deposed": [],
                    "provider": ""
                },
                "aws_security_group_rule.allow_elb": {
                    "type": "aws_security_group_rule",
                    "depends_on": [
                        "aws_security_group.elb",
                        "data.aws_security_group.kubernetes_nodes"
                    ],
                    "primary": {
                        "id": "sgrule-558252118",
                        "attributes": {
                            "from_port": "30001",
                            "id": "sgrule-558252118",
                            "protocol": "tcp",
                            "security_group_id": "sg-21da1d4a",
                            "self": "false",
                            "source_security_group_id": "sg-67e7200c",
                            "to_port": "30001",
                            "type": "ingress"
                        },
                        "meta": {
                            "schema_version": "2"
                        },
                        "tainted": false
                    },
                    "deposed": [],
                    "provider": ""
                },
                "data.aws_security_group.kubernetes_nodes": {
                    "type": "aws_security_group",
                    "depends_on": [],
                    "primary": {
                        "id": "sg-21da1d4a",
                        "attributes": {
                            "id": "sg-21da1d4a",
                            "name": "nodes.kops.aoeplay.net",
                            "tags.%": "2",
                            "tags.KubernetesCluster": "kops.aoeplay.net",
                            "tags.Name": "nodes.kops.aoeplay.net",
                            "vpc_id": "vpc-e252eb8b"
                        },
                        "meta": {},
                        "tainted": false
                    },
                    "deposed": [],
                    "provider": ""
                }
            },
            "depends_on": []
        },
        {
            "path": [
                "root",
                "kubernetes-dashboard"
            ],
            "outputs": {},
            "resources": {
                "aws_autoscaling_attachment.elb_to_asg": {
                    "type": "aws_autoscaling_attachment",
                    "depends_on": [
                        "aws_elb.elb"
                    ],
                    "primary": {
                        "id": "nodes.kops.aoeplay.net-00917b872ed809dc996c03950b",
                        "attributes": {
                            "autoscaling_group_name": "nodes.kops.aoeplay.net",
                            "elb": "dashboard",
                            "id": "nodes.kops.aoeplay.net-00917b872ed809dc996c03950b"
                        },
                        "meta": {},
                        "tainted": false
                    },
                    "deposed": [],
                    "provider": ""
                },
                "aws_elb.elb": {
                    "type": "aws_elb",
                    "depends_on": [
                        "aws_security_group.elb"
                    ],
                    "primary": {
                        "id": "dashboard",
                        "attributes": {
                            "access_logs.#": "0",
                            "availability_zones.#": "2",
                            "availability_zones.1126047633": "eu-central-1a",
                            "availability_zones.3658960427": "eu-central-1b",
                            "connection_draining": "false",
                            "connection_draining_timeout": "300",
                            "cross_zone_load_balancing": "true",
                            "dns_name": "dashboard-2033457022.eu-central-1.elb.amazonaws.com",
                            "health_check.#": "1",
                            "health_check.0.healthy_threshold": "2",
                            "health_check.0.interval": "10",
                            "health_check.0.target": "TCP:30000",
                            "health_check.0.timeout": "5",
                            "health_check.0.unhealthy_threshold": "2",
                            "id": "dashboard",
                            "idle_timeout": "60",
                            "instances.#": "0",
                            "internal": "false",
                            "listener.#": "1",
                            "listener.2242001518.instance_port": "30000",
                            "listener.2242001518.instance_protocol": "http",
                            "listener.2242001518.lb_port": "80",
                            "listener.2242001518.lb_protocol": "http",
                            "listener.2242001518.ssl_certificate_id": "",
                            "name": "dashboard",
                            "security_groups.#": "1",
                            "security_groups.1681623302": "sg-66e7200d",
                            "source_security_group": "443171610680/dashboard-elb",
                            "source_security_group_id": "sg-66e7200d",
                            "subnets.#": "2",
                            "subnets.154563563": "subnet-986cc3e3",
                            "subnets.167719432": "subnet-0946c860",
                            "tags.%": "0",
                            "zone_id": "Z215JYRZR1TBD5"
                        },
                        "meta": {},
                        "tainted": false
                    },
                    "deposed": [],
                    "provider": ""
                },
                "aws_route53_record.route": {
                    "type": "aws_route53_record",
                    "depends_on": [
                        "aws_elb.elb",
                        "aws_elb.elb"
                    ],
                    "primary": {
                        "id": "ZJUVTNX0H3A0H_dashboard.aoeplay.net_A",
                        "attributes": {
                            "alias.#": "1",
                            "alias.4216978757.evaluate_target_health": "false",
                            "alias.4216978757.name": "dashboard-2033457022.eu-central-1.elb.amazonaws.com",
                            "alias.4216978757.zone_id": "Z215JYRZR1TBD5",
                            "fqdn": "dashboard.aoeplay.net",
                            "health_check_id": "",
                            "id": "ZJUVTNX0H3A0H_dashboard.aoeplay.net_A",
                            "name": "dashboard.aoeplay.net",
                            "records.#": "0",
                            "set_identifier": "",
                            "ttl": "0",
                            "type": "A",
                            "zone_id": "ZJUVTNX0H3A0H"
                        },
                        "meta": {
                            "schema_version": "2"
                        },
                        "tainted": false
                    },
                    "deposed": [],
                    "provider": ""
                },
                "aws_security_group.elb": {
                    "type": "aws_security_group",
                    "depends_on": [],
                    "primary": {
                        "id": "sg-66e7200d",
                        "attributes": {
                            "description": "Managed by Terraform",
                            "egress.#": "1",
                            "egress.482069346.cidr_blocks.#": "1",
                            "egress.482069346.cidr_blocks.0": "0.0.0.0/0",
                            "egress.482069346.from_port": "0",
                            "egress.482069346.prefix_list_ids.#": "0",
                            "egress.482069346.protocol": "-1",
                            "egress.482069346.security_groups.#": "0",
                            "egress.482069346.self": "false",
                            "egress.482069346.to_port": "0",
                            "id": "sg-66e7200d",
                            "ingress.#": "1",
                            "ingress.2214680975.cidr_blocks.#": "1",
                            "ingress.2214680975.cidr_blocks.0": "0.0.0.0/0",
                            "ingress.2214680975.from_port": "80",
                            "ingress.2214680975.protocol": "tcp",
                            "ingress.2214680975.security_groups.#": "0",
                            "ingress.2214680975.self": "false",
                            "ingress.2214680975.to_port": "80",
                            "name": "dashboard-elb",
                            "owner_id": "443171610680",
                            "tags.%": "0",
                            "vpc_id": "vpc-e252eb8b"
                        },
                        "meta": {},
                        "tainted": false
                    },
                    "deposed": [],
                    "provider": ""
                },
                "aws_security_group_rule.allow_elb": {
                    "type": "aws_security_group_rule",
                    "depends_on": [
                        "aws_security_group.elb",
                        "data.aws_security_group.kubernetes_nodes"
                    ],
                    "primary": {
                        "id": "sgrule-1796000034",
                        "attributes": {
                            "from_port": "30000",
                            "id": "sgrule-1796000034",
                            "protocol": "tcp",
                            "security_group_id": "sg-21da1d4a",
                            "self": "false",
                            "source_security_group_id": "sg-66e7200d",
                            "to_port": "30000",
                            "type": "ingress"
                        },
                        "meta": {
                            "schema_version": "2"
                        },
                        "tainted": false
                    },
                    "deposed": [],
                    "provider": ""
                },
                "data.aws_security_group.kubernetes_nodes": {
                    "type": "aws_security_group",
                    "depends_on": [],
                    "primary": {
                        "id": "sg-21da1d4a",
                        "attributes": {
                            "id": "sg-21da1d4a",
                            "name": "nodes.kops.aoeplay.net",
                            "tags.%": "2",
                            "tags.KubernetesCluster": "kops.aoeplay.net",
                            "tags.Name": "nodes.kops.aoeplay.net",
                            "vpc_id": "vpc-e252eb8b"
                        },
                        "meta": {},
                        "tainted": false
                    },
                    "deposed": [],
                    "provider": ""
                }
            },
            "depends_on": []
        }
    ]
}
